
Microsoft Visual Studio Solution File, Format Version 12.00
# Visual Studio 14
VisualStudioVersion = 14.0.25420.1
MinimumVisualStudioVersion = 10.0.40219.1
Project("{FAE04EC0-301F-11D3-BF4B-00C04F79EFBC}") = "Lab3.3_ BrennanRodriguez", "Lab3_ BrennanRodriguez\Lab3.3_ BrennanRodriguez.csproj", "{CA617CC1-4001-4337-867D-A68C6DC5D489}"
EndProject
Project("{FAE04EC0-301F-11D3-BF4B-00C04F79EFBC}") = "Lab3.1_BrennanRodriguez", "Lab3.1_BrennanRodriguez\Lab3.1_BrennanRodriguez.csproj", "{8854DD13-9F57-471F-97EF-3E420B38B645}"
EndProject
Project("{FAE04EC0-301F-11D3-BF4B-00C04F79EFBC}") = "Lab3.2_BrennanRodriguez", "Lab3.2_BrennanRodriguez\Lab3.2_BrennanRodriguez.csproj", "{21A04327-D840-46B1-9C21-E764DE75CB9E}"
EndProject
Global
	GlobalSection(SolutionConfigurationPlatforms) = preSolution
		Debug|Any CPU = Debug|Any CPU
		Release|Any CPU = Release|Any CPU
	EndGlobalSection
	GlobalSection(ProjectConfigurationPlatforms) = postSolution
		{CA617CC1-4001-4337-867D-A68C6DC5D489}.Debug|Any CPU.ActiveCfg = Debug|Any CPU
		{CA617CC1-4001-4337-867D-A68C6DC5D489}.Debug|Any CPU.Build.0 = Debug|Any CPU
		{CA617CC1-4001-4337-867D-A68C6DC5D489}.Release|Any CPU.ActiveCfg = Release|Any CPU
		{CA617CC1-4001-4337-867D-A68C6DC5D489}.Release|Any CPU.Build.0 = Release|Any CPU
		{8854DD13-9F57-471F-97EF-3E420B38B645}.Debug|Any CPU.ActiveCfg = Debug|Any CPU
		{8854DD13-9F57-471F-97EF-3E420B38B645}.Debug|Any CPU.Build.0 = Debug|Any CPU
		{8854DD13-9F57-471F-97EF-3E420B38B645}.Release|Any CPU.ActiveCfg = Release|Any CPU
		{8854DD13-9F57-471F-97EF-3E420B38B645}.Release|Any CPU.Build.0 = Release|Any CPU
		{21A04327-D840-46B1-9C21-E764DE75CB9E}.Debug|Any CPU.ActiveCfg = Debug|Any CPU
		{21A04327-D840-46B1-9C21-E764DE75CB9E}.Debug|Any CPU.Build.0 = Debug|Any CPU
		{21A04327-D840-46B1-9C21-E764DE75CB9E}.Release|Any CPU.ActiveCfg = Release|Any CPU
		{21A04327-D840-46B1-9C21-E764DE75CB9E}.Release|Any CPU.Build.0 = Release|Any CPU
	EndGlobalSection
	GlobalSection(SolutionProperties) = preSolution
		HideSolutionNode = FALSE
	EndGlobalSection
EndGlobal
