
Microsoft Visual Studio Solution File, Format Version 12.00
# Visual Studio 14
VisualStudioVersion = 14.0.25420.1
MinimumVisualStudioVersion = 10.0.40219.1
Project("{FAE04EC0-301F-11D3-BF4B-00C04F79EFBC}") = "Lab6_BrennanRodriguez", "Lab6_BrennanRodriguez\Lab6_BrennanRodriguez.csproj", "{A5F4E4BC-BE9B-4A3F-B96D-5D18ADAC74A4}"
EndProject
Global
	GlobalSection(SolutionConfigurationPlatforms) = preSolution
		Debug|Any CPU = Debug|Any CPU
		Release|Any CPU = Release|Any CPU
	EndGlobalSection
	GlobalSection(ProjectConfigurationPlatforms) = postSolution
		{A5F4E4BC-BE9B-4A3F-B96D-5D18ADAC74A4}.Debug|Any CPU.ActiveCfg = Debug|Any CPU
		{A5F4E4BC-BE9B-4A3F-B96D-5D18ADAC74A4}.Debug|Any CPU.Build.0 = Debug|Any CPU
		{A5F4E4BC-BE9B-4A3F-B96D-5D18ADAC74A4}.Release|Any CPU.ActiveCfg = Release|Any CPU
		{A5F4E4BC-BE9B-4A3F-B96D-5D18ADAC74A4}.Release|Any CPU.Build.0 = Release|Any CPU
	EndGlobalSection
	GlobalSection(SolutionProperties) = preSolution
		HideSolutionNode = FALSE
	EndGlobalSection
EndGlobal
